
Microsoft Visual Studio Solution File, Format Version 12.00
# Visual Studio 15
VisualStudioVersion = 15.0.28307.329
MinimumVisualStudioVersion = 10.0.40219.1
Project("{FAE04EC0-301F-11D3-BF4B-00C04F79EFBC}") = "Exercicio_For_1", "Exercicio_For_1\Exercicio_For_1.csproj", "{19211299-0460-4554-8AB3-DE4C9E7AFFEE}"
EndProject
Global
	GlobalSection(SolutionConfigurationPlatforms) = preSolution
		Debug|Any CPU = Debug|Any CPU
		Release|Any CPU = Release|Any CPU
	EndGlobalSection
	GlobalSection(ProjectConfigurationPlatforms) = postSolution
		{19211299-0460-4554-8AB3-DE4C9E7AFFEE}.Debug|Any CPU.ActiveCfg = Debug|Any CPU
		{19211299-0460-4554-8AB3-DE4C9E7AFFEE}.Debug|Any CPU.Build.0 = Debug|Any CPU
		{19211299-0460-4554-8AB3-DE4C9E7AFFEE}.Release|Any CPU.ActiveCfg = Release|Any CPU
		{19211299-0460-4554-8AB3-DE4C9E7AFFEE}.Release|Any CPU.Build.0 = Release|Any CPU
	EndGlobalSection
	GlobalSection(SolutionProperties) = preSolution
		HideSolutionNode = FALSE
	EndGlobalSection
	GlobalSection(ExtensibilityGlobals) = postSolution
		SolutionGuid = {AB9F9C74-138D-4FD9-A1D2-57A925F2BE1C}
	EndGlobalSection
EndGlobal
