
Microsoft Visual Studio Solution File, Format Version 12.00
# Visual Studio 15
VisualStudioVersion = 15.0.28307.329
MinimumVisualStudioVersion = 10.0.40219.1
Project("{FAE04EC0-301F-11D3-BF4B-00C04F79EFBC}") = "Exercicio3", "Exercicio3\Exercicio3.csproj", "{26129CE8-28C8-466A-9A03-2C28DA9180B5}"
EndProject
Global
	GlobalSection(SolutionConfigurationPlatforms) = preSolution
		Debug|Any CPU = Debug|Any CPU
		Release|Any CPU = Release|Any CPU
	EndGlobalSection
	GlobalSection(ProjectConfigurationPlatforms) = postSolution
		{26129CE8-28C8-466A-9A03-2C28DA9180B5}.Debug|Any CPU.ActiveCfg = Debug|Any CPU
		{26129CE8-28C8-466A-9A03-2C28DA9180B5}.Debug|Any CPU.Build.0 = Debug|Any CPU
		{26129CE8-28C8-466A-9A03-2C28DA9180B5}.Release|Any CPU.ActiveCfg = Release|Any CPU
		{26129CE8-28C8-466A-9A03-2C28DA9180B5}.Release|Any CPU.Build.0 = Release|Any CPU
	EndGlobalSection
	GlobalSection(SolutionProperties) = preSolution
		HideSolutionNode = FALSE
	EndGlobalSection
	GlobalSection(ExtensibilityGlobals) = postSolution
		SolutionGuid = {99D5B3BA-5516-4EC6-AB40-2480EB92C95B}
	EndGlobalSection
EndGlobal
