
Microsoft Visual Studio Solution File, Format Version 12.00
# Visual Studio 15
VisualStudioVersion = 15.0.28307.329
MinimumVisualStudioVersion = 10.0.40219.1
Project("{FAE04EC0-301F-11D3-BF4B-00C04F79EFBC}") = "Exercicio_Array_01", "Exercicio_Array_01\Exercicio_Array_01.csproj", "{DE94642B-1650-435D-B029-E03F65F43B51}"
EndProject
Global
	GlobalSection(SolutionConfigurationPlatforms) = preSolution
		Debug|Any CPU = Debug|Any CPU
		Release|Any CPU = Release|Any CPU
	EndGlobalSection
	GlobalSection(ProjectConfigurationPlatforms) = postSolution
		{DE94642B-1650-435D-B029-E03F65F43B51}.Debug|Any CPU.ActiveCfg = Debug|Any CPU
		{DE94642B-1650-435D-B029-E03F65F43B51}.Debug|Any CPU.Build.0 = Debug|Any CPU
		{DE94642B-1650-435D-B029-E03F65F43B51}.Release|Any CPU.ActiveCfg = Release|Any CPU
		{DE94642B-1650-435D-B029-E03F65F43B51}.Release|Any CPU.Build.0 = Release|Any CPU
	EndGlobalSection
	GlobalSection(SolutionProperties) = preSolution
		HideSolutionNode = FALSE
	EndGlobalSection
	GlobalSection(ExtensibilityGlobals) = postSolution
		SolutionGuid = {6C0E2D78-F58C-4C40-B42F-476258216DC3}
	EndGlobalSection
EndGlobal
