
Microsoft Visual Studio Solution File, Format Version 12.00
# Visual Studio 15
VisualStudioVersion = 15.0.28307.329
MinimumVisualStudioVersion = 10.0.40219.1
Project("{FAE04EC0-301F-11D3-BF4B-00C04F79EFBC}") = "Exercicio_Foreach_02", "Exercicio_Foreach_02\Exercicio_Foreach_02.csproj", "{37C2A290-1BCC-4A01-8624-444F756A3A07}"
EndProject
Global
	GlobalSection(SolutionConfigurationPlatforms) = preSolution
		Debug|Any CPU = Debug|Any CPU
		Release|Any CPU = Release|Any CPU
	EndGlobalSection
	GlobalSection(ProjectConfigurationPlatforms) = postSolution
		{37C2A290-1BCC-4A01-8624-444F756A3A07}.Debug|Any CPU.ActiveCfg = Debug|Any CPU
		{37C2A290-1BCC-4A01-8624-444F756A3A07}.Debug|Any CPU.Build.0 = Debug|Any CPU
		{37C2A290-1BCC-4A01-8624-444F756A3A07}.Release|Any CPU.ActiveCfg = Release|Any CPU
		{37C2A290-1BCC-4A01-8624-444F756A3A07}.Release|Any CPU.Build.0 = Release|Any CPU
	EndGlobalSection
	GlobalSection(SolutionProperties) = preSolution
		HideSolutionNode = FALSE
	EndGlobalSection
	GlobalSection(ExtensibilityGlobals) = postSolution
		SolutionGuid = {B27A36EC-3AD1-4376-8EB1-6BECBA8070BA}
	EndGlobalSection
EndGlobal
