
Microsoft Visual Studio Solution File, Format Version 12.00
# Visual Studio 15
VisualStudioVersion = 15.0.28307.329
MinimumVisualStudioVersion = 10.0.40219.1
Project("{FAE04EC0-301F-11D3-BF4B-00C04F79EFBC}") = "Exerciio_13_While", "Exerciio_13_While\Exerciio_13_While.csproj", "{5561305C-0D03-4FDB-BBD5-09A85D590423}"
EndProject
Global
	GlobalSection(SolutionConfigurationPlatforms) = preSolution
		Debug|Any CPU = Debug|Any CPU
		Release|Any CPU = Release|Any CPU
	EndGlobalSection
	GlobalSection(ProjectConfigurationPlatforms) = postSolution
		{5561305C-0D03-4FDB-BBD5-09A85D590423}.Debug|Any CPU.ActiveCfg = Debug|Any CPU
		{5561305C-0D03-4FDB-BBD5-09A85D590423}.Debug|Any CPU.Build.0 = Debug|Any CPU
		{5561305C-0D03-4FDB-BBD5-09A85D590423}.Release|Any CPU.ActiveCfg = Release|Any CPU
		{5561305C-0D03-4FDB-BBD5-09A85D590423}.Release|Any CPU.Build.0 = Release|Any CPU
	EndGlobalSection
	GlobalSection(SolutionProperties) = preSolution
		HideSolutionNode = FALSE
	EndGlobalSection
	GlobalSection(ExtensibilityGlobals) = postSolution
		SolutionGuid = {7620D4AB-9711-4F05-8473-932BC92D9951}
	EndGlobalSection
EndGlobal
