
Microsoft Visual Studio Solution File, Format Version 12.00
# Visual Studio 15
VisualStudioVersion = 15.0.28307.329
MinimumVisualStudioVersion = 10.0.40219.1
Project("{FAE04EC0-301F-11D3-BF4B-00C04F79EFBC}") = "Exercicio6", "Exercicio6\Exercicio6.csproj", "{41BEBB7A-B40F-4938-ABBE-E5674B2F8B26}"
EndProject
Global
	GlobalSection(SolutionConfigurationPlatforms) = preSolution
		Debug|Any CPU = Debug|Any CPU
		Release|Any CPU = Release|Any CPU
	EndGlobalSection
	GlobalSection(ProjectConfigurationPlatforms) = postSolution
		{41BEBB7A-B40F-4938-ABBE-E5674B2F8B26}.Debug|Any CPU.ActiveCfg = Debug|Any CPU
		{41BEBB7A-B40F-4938-ABBE-E5674B2F8B26}.Debug|Any CPU.Build.0 = Debug|Any CPU
		{41BEBB7A-B40F-4938-ABBE-E5674B2F8B26}.Release|Any CPU.ActiveCfg = Release|Any CPU
		{41BEBB7A-B40F-4938-ABBE-E5674B2F8B26}.Release|Any CPU.Build.0 = Release|Any CPU
	EndGlobalSection
	GlobalSection(SolutionProperties) = preSolution
		HideSolutionNode = FALSE
	EndGlobalSection
	GlobalSection(ExtensibilityGlobals) = postSolution
		SolutionGuid = {362A1119-408B-4418-AB1D-DD74EAB425C1}
	EndGlobalSection
EndGlobal
