
Microsoft Visual Studio Solution File, Format Version 12.00
# Visual Studio 15
VisualStudioVersion = 15.0.28307.329
MinimumVisualStudioVersion = 10.0.40219.1
Project("{FAE04EC0-301F-11D3-BF4B-00C04F79EFBC}") = "Exercicio_While_18", "Exercicio_While_18\Exercicio_While_18.csproj", "{86750D49-431C-4D3D-B42E-822494878BFC}"
EndProject
Global
	GlobalSection(SolutionConfigurationPlatforms) = preSolution
		Debug|Any CPU = Debug|Any CPU
		Release|Any CPU = Release|Any CPU
	EndGlobalSection
	GlobalSection(ProjectConfigurationPlatforms) = postSolution
		{86750D49-431C-4D3D-B42E-822494878BFC}.Debug|Any CPU.ActiveCfg = Debug|Any CPU
		{86750D49-431C-4D3D-B42E-822494878BFC}.Debug|Any CPU.Build.0 = Debug|Any CPU
		{86750D49-431C-4D3D-B42E-822494878BFC}.Release|Any CPU.ActiveCfg = Release|Any CPU
		{86750D49-431C-4D3D-B42E-822494878BFC}.Release|Any CPU.Build.0 = Release|Any CPU
	EndGlobalSection
	GlobalSection(SolutionProperties) = preSolution
		HideSolutionNode = FALSE
	EndGlobalSection
	GlobalSection(ExtensibilityGlobals) = postSolution
		SolutionGuid = {D03676C1-7852-4DD3-9D85-8E1A9C46AD97}
	EndGlobalSection
EndGlobal
